// !$*UTF8*$!
{
	archiveVersion = 1;
	classes = {
	};
	objectVersion = 47;
	objects = {

/* Begin PBXBuildFile section */
		D81AAF7C1C45E29C00B46544 /* LRBaseViewController.m in Sources */ = {isa = PBXBuildFile; fileRef = D81AAF7B1C45E29C00B46544 /* LRBaseViewController.m */; };
		D820FB061C4452A9000899DB /* main.m in Sources */ = {isa = PBXBuildFile; fileRef = D820FB051C4452A9000899DB /* main.m */; };
		D820FB091C4452A9000899DB /* AppDelegate.m in Sources */ = {isa = PBXBuildFile; fileRef = D820FB081C4452A9000899DB /* AppDelegate.m */; };
		D820FB0F1C4452A9000899DB /* Main.storyboard in Resources */ = {isa = PBXBuildFile; fileRef = D820FB0D1C4452A9000899DB /* Main.storyboard */; };
		D820FB111C4452A9000899DB /* Assets.xcassets in Resources */ = {isa = PBXBuildFile; fileRef = D820FB101C4452A9000899DB /* Assets.xcassets */; };
		D820FB141C4452A9000899DB /* LaunchScreen.storyboard in Resources */ = {isa = PBXBuildFile; fileRef = D820FB121C4452A9000899DB /* LaunchScreen.storyboard */; };
		D83F6A971C47054C005F07E0 /* LRBroadcastMainViewController.m in Sources */ = {isa = PBXBuildFile; fileRef = D83F6A961C47054C005F07E0 /* LRBroadcastMainViewController.m */; };
		D8427CEA1C5F1FAC00A8CE5F /* LRCreateUserViewController.m in Sources */ = {isa = PBXBuildFile; fileRef = D8427CE91C5F1FAC00A8CE5F /* LRCreateUserViewController.m */; };
		D8427CED1C5F20E500A8CE5F /* LRLoginViewController.m in Sources */ = {isa = PBXBuildFile; fileRef = D8427CEC1C5F20E500A8CE5F /* LRLoginViewController.m */; };
		D8427CF01C5F21C500A8CE5F /* LRForgotPasswordViewController.m in Sources */ = {isa = PBXBuildFile; fileRef = D8427CEF1C5F21C500A8CE5F /* LRForgotPasswordViewController.m */; };
		D8427CF41C601BDA00A8CE5F /* ConfigModel.m in Sources */ = {isa = PBXBuildFile; fileRef = D8427CF31C601BDA00A8CE5F /* ConfigModel.m */; };
		D8431A241C75269B0061A3CB /* F3BarGauge.m in Sources */ = {isa = PBXBuildFile; fileRef = D8431A231C75269B0061A3CB /* F3BarGauge.m */; };
		D84A21141C8E6CB8006C4D63 /* LREditUserViewController.m in Sources */ = {isa = PBXBuildFile; fileRef = D84A21131C8E6CB8006C4D63 /* LREditUserViewController.m */; };
		D84A21171C8E6CD0006C4D63 /* LRChangePasswordViewController.m in Sources */ = {isa = PBXBuildFile; fileRef = D84A21161C8E6CD0006C4D63 /* LRChangePasswordViewController.m */; };
		D86372701C5AD58A00D02DC3 /* BroadcastManager.m in Sources */ = {isa = PBXBuildFile; fileRef = D863726F1C5AD58A00D02DC3 /* BroadcastManager.m */; };
		D86372731C5ADEF900D02DC3 /* BroadcastModel.m in Sources */ = {isa = PBXBuildFile; fileRef = D86372721C5ADEF900D02DC3 /* BroadcastModel.m */; };
		D863727A1C5AFEC400D02DC3 /* DBBase.m in Sources */ = {isa = PBXBuildFile; fileRef = D86372791C5AFEC400D02DC3 /* DBBase.m */; };
		D863727D1C5AFED900D02DC3 /* DBBroadcast.m in Sources */ = {isa = PBXBuildFile; fileRef = D863727C1C5AFED900D02DC3 /* DBBroadcast.m */; };
		D86372811C5B1FFB00D02DC3 /* NSNumber+Utilities.m in Sources */ = {isa = PBXBuildFile; fileRef = D86372801C5B1FFB00D02DC3 /* NSNumber+Utilities.m */; };
		D885FA671C446F49002904AC /* LRDrawerViewController.m in Sources */ = {isa = PBXBuildFile; fileRef = D885FA661C446F49002904AC /* LRDrawerViewController.m */; };
		D885FA6A1C446FA2002904AC /* LRListenMainViewController.m in Sources */ = {isa = PBXBuildFile; fileRef = D885FA691C446FA2002904AC /* LRListenMainViewController.m */; };
		D8A027481C8B4DE700715277 /* BroadcastsView.xib in Resources */ = {isa = PBXBuildFile; fileRef = D8A027471C8B4DE700715277 /* BroadcastsView.xib */; };
		D8A0274B1C8B527600715277 /* BroadcastsViewController.m in Sources */ = {isa = PBXBuildFile; fileRef = D8A0274A1C8B527600715277 /* BroadcastsViewController.m */; };
		D8A0EFD51C4C130C0006B910 /* DrawerCell.m in Sources */ = {isa = PBXBuildFile; fileRef = D8A0EFD41C4C130C0006B910 /* DrawerCell.m */; };
		D8A0EFD81C4C21E80006B910 /* LRUserProfileMainViewController.m in Sources */ = {isa = PBXBuildFile; fileRef = D8A0EFD71C4C21E80006B910 /* LRUserProfileMainViewController.m */; };
		D8A0EFDB1C4C220A0006B910 /* LRAdminBroadcastsViewController.m in Sources */ = {isa = PBXBuildFile; fileRef = D8A0EFDA1C4C220A0006B910 /* LRAdminBroadcastsViewController.m */; };
		D8A0EFDF1C4C2F1E0006B910 /* UserManager.m in Sources */ = {isa = PBXBuildFile; fileRef = D8A0EFDE1C4C2F1E0006B910 /* UserManager.m */; };
		D8A0EFE31C4C30E40006B910 /* UserModel.m in Sources */ = {isa = PBXBuildFile; fileRef = D8A0EFE21C4C30E40006B910 /* UserModel.m */; };
		D8A0EFE61C4C32290006B910 /* BaseModel.m in Sources */ = {isa = PBXBuildFile; fileRef = D8A0EFE51C4C32290006B910 /* BaseModel.m */; };
		D8A0EFEB1C4C707B0006B910 /* LiveRosaryAuthenticatedIdentityProvider.m in Sources */ = {isa = PBXBuildFile; fileRef = D8A0EFEA1C4C707B0006B910 /* LiveRosaryAuthenticatedIdentityProvider.m */; };
		D8A0EFEE1C4C70ED0006B910 /* LiveRosaryAuthenticationClient.m in Sources */ = {isa = PBXBuildFile; fileRef = D8A0EFED1C4C70ED0006B910 /* LiveRosaryAuthenticationClient.m */; };
		D8A0EFF91C4F2B1F0006B910 /* AudioManager.m in Sources */ = {isa = PBXBuildFile; fileRef = D8A0EFF81C4F2B1F0006B910 /* AudioManager.m */; };
		D8A1B9041C75628300CEE8D0 /* BroadcastsView.m in Sources */ = {isa = PBXBuildFile; fileRef = D8A1B9031C75628300CEE8D0 /* BroadcastsView.m */; };
		D8A1B9081C7568FF00CEE8D0 /* BroadcastCell.xib in Resources */ = {isa = PBXBuildFile; fileRef = D8A1B9071C7568FF00CEE8D0 /* BroadcastCell.xib */; };
		D8A1B90B1C75779F00CEE8D0 /* LRAdminMainViewController.m in Sources */ = {isa = PBXBuildFile; fileRef = D8A1B90A1C75779F00CEE8D0 /* LRAdminMainViewController.m */; };
		D8B72E621C9A394C0081723F /* libTestFairy.a in Frameworks */ = {isa = PBXBuildFile; fileRef = D8B72E601C9A394C0081723F /* libTestFairy.a */; };
		D8B72E641C9A39950081723F /* CoreMedia.framework in Frameworks */ = {isa = PBXBuildFile; fileRef = D8B72E631C9A39950081723F /* CoreMedia.framework */; };
		D8B72E661C9A399C0081723F /* CoreMotion.framework in Frameworks */ = {isa = PBXBuildFile; fileRef = D8B72E651C9A399C0081723F /* CoreMotion.framework */; };
		D8B72E681C9A39A70081723F /* AVFoundation.framework in Frameworks */ = {isa = PBXBuildFile; fileRef = D8B72E671C9A39A70081723F /* AVFoundation.framework */; };
		D8B72E6A1C9A39B20081723F /* SystemConfiguration.framework in Frameworks */ = {isa = PBXBuildFile; fileRef = D8B72E691C9A39B20081723F /* SystemConfiguration.framework */; };
		D8B72E6C1C9A39BB0081723F /* OpenGLES.framework in Frameworks */ = {isa = PBXBuildFile; fileRef = D8B72E6B1C9A39BB0081723F /* OpenGLES.framework */; };
		D8C23FD61C51D3D10043F8BE /* TransferManager.m in Sources */ = {isa = PBXBuildFile; fileRef = D8C23FD51C51D3D10043F8BE /* TransferManager.m */; };
		D8C23FDB1C51E23D0043F8BE /* NSString+Utilities.m in Sources */ = {isa = PBXBuildFile; fileRef = D8C23FDA1C51E23D0043F8BE /* NSString+Utilities.m */; };
		D8EAFEBE1C5D0EB300C38EBA /* BroadcastCell.m in Sources */ = {isa = PBXBuildFile; fileRef = D8EAFEBD1C5D0EB300C38EBA /* BroadcastCell.m */; };
		D8EAFEC11C5D29E100C38EBA /* LRListenViewController.m in Sources */ = {isa = PBXBuildFile; fileRef = D8EAFEC01C5D29E100C38EBA /* LRListenViewController.m */; };
		E9E80094D216F82DAF5B13F5 /* libPods.a in Frameworks */ = {isa = PBXBuildFile; fileRef = F67958F927E045E478D94BB5 /* libPods.a */; };
/* End PBXBuildFile section */

/* Begin PBXFileReference section */
		0A322FD56E2A135557AC420B /* Pods.release.xcconfig */ = {isa = PBXFileReference; includeInIndex = 1; lastKnownFileType = text.xcconfig; name = Pods.release.xcconfig; path = "Pods/Target Support Files/Pods/Pods.release.xcconfig"; sourceTree = "<group>"; };
		BD4753DF687E71C09BECA0B1 /* Pods.debug.xcconfig */ = {isa = PBXFileReference; includeInIndex = 1; lastKnownFileType = text.xcconfig; name = Pods.debug.xcconfig; path = "Pods/Target Support Files/Pods/Pods.debug.xcconfig"; sourceTree = "<group>"; };
		D81AAF7A1C45E29C00B46544 /* LRBaseViewController.h */ = {isa = PBXFileReference; fileEncoding = 4; lastKnownFileType = sourcecode.c.h; name = LRBaseViewController.h; path = ViewControllers/LRBaseViewController.h; sourceTree = "<group>"; };
		D81AAF7B1C45E29C00B46544 /* LRBaseViewController.m */ = {isa = PBXFileReference; fileEncoding = 4; lastKnownFileType = sourcecode.c.objc; name = LRBaseViewController.m; path = ViewControllers/LRBaseViewController.m; sourceTree = "<group>"; };
		D820FB011C4452A9000899DB /* LiveRosary.app */ = {isa = PBXFileReference; explicitFileType = wrapper.application; includeInIndex = 0; path = LiveRosary.app; sourceTree = BUILT_PRODUCTS_DIR; };
		D820FB051C4452A9000899DB /* main.m */ = {isa = PBXFileReference; lastKnownFileType = sourcecode.c.objc; path = main.m; sourceTree = "<group>"; };
		D820FB071C4452A9000899DB /* AppDelegate.h */ = {isa = PBXFileReference; lastKnownFileType = sourcecode.c.h; path = AppDelegate.h; sourceTree = "<group>"; };
		D820FB081C4452A9000899DB /* AppDelegate.m */ = {isa = PBXFileReference; lastKnownFileType = sourcecode.c.objc; path = AppDelegate.m; sourceTree = "<group>"; };
		D820FB0E1C4452A9000899DB /* Base */ = {isa = PBXFileReference; lastKnownFileType = file.storyboard; name = Base; path = Base.lproj/Main.storyboard; sourceTree = "<group>"; };
		D820FB101C4452A9000899DB /* Assets.xcassets */ = {isa = PBXFileReference; lastKnownFileType = folder.assetcatalog; path = Assets.xcassets; sourceTree = "<group>"; };
		D820FB131C4452A9000899DB /* Base */ = {isa = PBXFileReference; lastKnownFileType = file.storyboard; name = Base; path = Base.lproj/LaunchScreen.storyboard; sourceTree = "<group>"; };
		D820FB151C4452A9000899DB /* Info.plist */ = {isa = PBXFileReference; lastKnownFileType = text.plist.xml; path = Info.plist; sourceTree = "<group>"; };
		D83F6A941C46D2A2005F07E0 /* PrefixHeader.pch */ = {isa = PBXFileReference; fileEncoding = 4; lastKnownFileType = sourcecode.c.h; path = PrefixHeader.pch; sourceTree = "<group>"; };
		D83F6A951C47054C005F07E0 /* LRBroadcastMainViewController.h */ = {isa = PBXFileReference; fileEncoding = 4; lastKnownFileType = sourcecode.c.h; name = LRBroadcastMainViewController.h; path = ViewControllers/LRBroadcastMainViewController.h; sourceTree = "<group>"; };
		D83F6A961C47054C005F07E0 /* LRBroadcastMainViewController.m */ = {isa = PBXFileReference; fileEncoding = 4; lastKnownFileType = sourcecode.c.objc; name = LRBroadcastMainViewController.m; path = ViewControllers/LRBroadcastMainViewController.m; sourceTree = "<group>"; };
		D8427CE81C5F1FAC00A8CE5F /* LRCreateUserViewController.h */ = {isa = PBXFileReference; fileEncoding = 4; lastKnownFileType = sourcecode.c.h; name = LRCreateUserViewController.h; path = ViewControllers/Authentication/LRCreateUserViewController.h; sourceTree = "<group>"; };
		D8427CE91C5F1FAC00A8CE5F /* LRCreateUserViewController.m */ = {isa = PBXFileReference; fileEncoding = 4; lastKnownFileType = sourcecode.c.objc; name = LRCreateUserViewController.m; path = ViewControllers/Authentication/LRCreateUserViewController.m; sourceTree = "<group>"; };
		D8427CEB1C5F20E500A8CE5F /* LRLoginViewController.h */ = {isa = PBXFileReference; fileEncoding = 4; lastKnownFileType = sourcecode.c.h; name = LRLoginViewController.h; path = ViewControllers/Authentication/LRLoginViewController.h; sourceTree = "<group>"; };
		D8427CEC1C5F20E500A8CE5F /* LRLoginViewController.m */ = {isa = PBXFileReference; fileEncoding = 4; lastKnownFileType = sourcecode.c.objc; name = LRLoginViewController.m; path = ViewControllers/Authentication/LRLoginViewController.m; sourceTree = "<group>"; };
		D8427CEE1C5F21C500A8CE5F /* LRForgotPasswordViewController.h */ = {isa = PBXFileReference; fileEncoding = 4; lastKnownFileType = sourcecode.c.h; name = LRForgotPasswordViewController.h; path = ViewControllers/Authentication/LRForgotPasswordViewController.h; sourceTree = "<group>"; };
		D8427CEF1C5F21C500A8CE5F /* LRForgotPasswordViewController.m */ = {isa = PBXFileReference; fileEncoding = 4; lastKnownFileType = sourcecode.c.objc; name = LRForgotPasswordViewController.m; path = ViewControllers/Authentication/LRForgotPasswordViewController.m; sourceTree = "<group>"; };
		D8427CF21C601BDA00A8CE5F /* ConfigModel.h */ = {isa = PBXFileReference; fileEncoding = 4; lastKnownFileType = sourcecode.c.h; name = ConfigModel.h; path = Models/ConfigModel.h; sourceTree = "<group>"; };
		D8427CF31C601BDA00A8CE5F /* ConfigModel.m */ = {isa = PBXFileReference; fileEncoding = 4; lastKnownFileType = sourcecode.c.objc; name = ConfigModel.m; path = Models/ConfigModel.m; sourceTree = "<group>"; };
		D8431A221C75269B0061A3CB /* F3BarGauge.h */ = {isa = PBXFileReference; fileEncoding = 4; lastKnownFileType = sourcecode.c.h; name = F3BarGauge.h; path = Views/F3BarGauge.h; sourceTree = "<group>"; };
		D8431A231C75269B0061A3CB /* F3BarGauge.m */ = {isa = PBXFileReference; fileEncoding = 4; lastKnownFileType = sourcecode.c.objc; name = F3BarGauge.m; path = Views/F3BarGauge.m; sourceTree = "<group>"; };
		D84A21121C8E6CB8006C4D63 /* LREditUserViewController.h */ = {isa = PBXFileReference; fileEncoding = 4; lastKnownFileType = sourcecode.c.h; name = LREditUserViewController.h; path = ViewControllers/LREditUserViewController.h; sourceTree = "<group>"; };
		D84A21131C8E6CB8006C4D63 /* LREditUserViewController.m */ = {isa = PBXFileReference; fileEncoding = 4; lastKnownFileType = sourcecode.c.objc; name = LREditUserViewController.m; path = ViewControllers/LREditUserViewController.m; sourceTree = "<group>"; };
		D84A21151C8E6CD0006C4D63 /* LRChangePasswordViewController.h */ = {isa = PBXFileReference; fileEncoding = 4; lastKnownFileType = sourcecode.c.h; name = LRChangePasswordViewController.h; path = ViewControllers/LRChangePasswordViewController.h; sourceTree = "<group>"; };
		D84A21161C8E6CD0006C4D63 /* LRChangePasswordViewController.m */ = {isa = PBXFileReference; fileEncoding = 4; lastKnownFileType = sourcecode.c.objc; name = LRChangePasswordViewController.m; path = ViewControllers/LRChangePasswordViewController.m; sourceTree = "<group>"; };
		D863726E1C5AD58A00D02DC3 /* BroadcastManager.h */ = {isa = PBXFileReference; fileEncoding = 4; lastKnownFileType = sourcecode.c.h; name = BroadcastManager.h; path = Managers/BroadcastManager.h; sourceTree = "<group>"; };
		D863726F1C5AD58A00D02DC3 /* BroadcastManager.m */ = {isa = PBXFileReference; fileEncoding = 4; lastKnownFileType = sourcecode.c.objc; name = BroadcastManager.m; path = Managers/BroadcastManager.m; sourceTree = "<group>"; };
		D86372711C5ADEF900D02DC3 /* BroadcastModel.h */ = {isa = PBXFileReference; fileEncoding = 4; lastKnownFileType = sourcecode.c.h; name = BroadcastModel.h; path = Models/BroadcastModel.h; sourceTree = "<group>"; };
		D86372721C5ADEF900D02DC3 /* BroadcastModel.m */ = {isa = PBXFileReference; fileEncoding = 4; lastKnownFileType = sourcecode.c.objc; name = BroadcastModel.m; path = Models/BroadcastModel.m; sourceTree = "<group>"; };
		D86372781C5AFEC400D02DC3 /* DBBase.h */ = {isa = PBXFileReference; fileEncoding = 4; lastKnownFileType = sourcecode.c.h; name = DBBase.h; path = Database/DBBase.h; sourceTree = "<group>"; };
		D86372791C5AFEC400D02DC3 /* DBBase.m */ = {isa = PBXFileReference; fileEncoding = 4; lastKnownFileType = sourcecode.c.objc; name = DBBase.m; path = Database/DBBase.m; sourceTree = "<group>"; };
		D863727B1C5AFED900D02DC3 /* DBBroadcast.h */ = {isa = PBXFileReference; fileEncoding = 4; lastKnownFileType = sourcecode.c.h; name = DBBroadcast.h; path = Database/DBBroadcast.h; sourceTree = "<group>"; };
		D863727C1C5AFED900D02DC3 /* DBBroadcast.m */ = {isa = PBXFileReference; fileEncoding = 4; lastKnownFileType = sourcecode.c.objc; name = DBBroadcast.m; path = Database/DBBroadcast.m; sourceTree = "<group>"; };
		D863727F1C5B1FFB00D02DC3 /* NSNumber+Utilities.h */ = {isa = PBXFileReference; fileEncoding = 4; lastKnownFileType = sourcecode.c.h; name = "NSNumber+Utilities.h"; path = "Categories/NSNumber+Utilities.h"; sourceTree = "<group>"; };
		D86372801C5B1FFB00D02DC3 /* NSNumber+Utilities.m */ = {isa = PBXFileReference; fileEncoding = 4; lastKnownFileType = sourcecode.c.objc; name = "NSNumber+Utilities.m"; path = "Categories/NSNumber+Utilities.m"; sourceTree = "<group>"; };
		D885FA651C446F49002904AC /* LRDrawerViewController.h */ = {isa = PBXFileReference; fileEncoding = 4; lastKnownFileType = sourcecode.c.h; name = LRDrawerViewController.h; path = ViewControllers/LRDrawerViewController.h; sourceTree = "<group>"; };
		D885FA661C446F49002904AC /* LRDrawerViewController.m */ = {isa = PBXFileReference; fileEncoding = 4; lastKnownFileType = sourcecode.c.objc; name = LRDrawerViewController.m; path = ViewControllers/LRDrawerViewController.m; sourceTree = "<group>"; };
		D885FA681C446FA2002904AC /* LRListenMainViewController.h */ = {isa = PBXFileReference; fileEncoding = 4; lastKnownFileType = sourcecode.c.h; name = LRListenMainViewController.h; path = ViewControllers/LRListenMainViewController.h; sourceTree = "<group>"; };
		D885FA691C446FA2002904AC /* LRListenMainViewController.m */ = {isa = PBXFileReference; fileEncoding = 4; lastKnownFileType = sourcecode.c.objc; name = LRListenMainViewController.m; path = ViewControllers/LRListenMainViewController.m; sourceTree = "<group>"; };
		D8A027471C8B4DE700715277 /* BroadcastsView.xib */ = {isa = PBXFileReference; fileEncoding = 4; lastKnownFileType = file.xib; name = BroadcastsView.xib; path = Views/BroadcastsView.xib; sourceTree = "<group>"; };
		D8A027491C8B527600715277 /* BroadcastsViewController.h */ = {isa = PBXFileReference; fileEncoding = 4; lastKnownFileType = sourcecode.c.h; name = BroadcastsViewController.h; path = ViewControllers/BroadcastsViewController.h; sourceTree = "<group>"; };
		D8A0274A1C8B527600715277 /* BroadcastsViewController.m */ = {isa = PBXFileReference; fileEncoding = 4; lastKnownFileType = sourcecode.c.objc; name = BroadcastsViewController.m; path = ViewControllers/BroadcastsViewController.m; sourceTree = "<group>"; };
		D8A0EFD31C4C130C0006B910 /* DrawerCell.h */ = {isa = PBXFileReference; fileEncoding = 4; lastKnownFileType = sourcecode.c.h; name = DrawerCell.h; path = Cells/DrawerCell.h; sourceTree = "<group>"; };
		D8A0EFD41C4C130C0006B910 /* DrawerCell.m */ = {isa = PBXFileReference; fileEncoding = 4; lastKnownFileType = sourcecode.c.objc; name = DrawerCell.m; path = Cells/DrawerCell.m; sourceTree = "<group>"; };
		D8A0EFD61C4C21E80006B910 /* LRUserProfileMainViewController.h */ = {isa = PBXFileReference; fileEncoding = 4; lastKnownFileType = sourcecode.c.h; name = LRUserProfileMainViewController.h; path = ViewControllers/LRUserProfileMainViewController.h; sourceTree = "<group>"; };
		D8A0EFD71C4C21E80006B910 /* LRUserProfileMainViewController.m */ = {isa = PBXFileReference; fileEncoding = 4; lastKnownFileType = sourcecode.c.objc; name = LRUserProfileMainViewController.m; path = ViewControllers/LRUserProfileMainViewController.m; sourceTree = "<group>"; };
		D8A0EFD91C4C220A0006B910 /* LRAdminBroadcastsViewController.h */ = {isa = PBXFileReference; fileEncoding = 4; lastKnownFileType = sourcecode.c.h; name = LRAdminBroadcastsViewController.h; path = ViewControllers/LRAdminBroadcastsViewController.h; sourceTree = "<group>"; };
		D8A0EFDA1C4C220A0006B910 /* LRAdminBroadcastsViewController.m */ = {isa = PBXFileReference; fileEncoding = 4; lastKnownFileType = sourcecode.c.objc; name = LRAdminBroadcastsViewController.m; path = ViewControllers/LRAdminBroadcastsViewController.m; sourceTree = "<group>"; };
		D8A0EFDD1C4C2F1E0006B910 /* UserManager.h */ = {isa = PBXFileReference; fileEncoding = 4; lastKnownFileType = sourcecode.c.h; name = UserManager.h; path = Managers/UserManager.h; sourceTree = "<group>"; };
		D8A0EFDE1C4C2F1E0006B910 /* UserManager.m */ = {isa = PBXFileReference; fileEncoding = 4; lastKnownFileType = sourcecode.c.objc; name = UserManager.m; path = Managers/UserManager.m; sourceTree = "<group>"; };
		D8A0EFE11C4C30E40006B910 /* UserModel.h */ = {isa = PBXFileReference; fileEncoding = 4; lastKnownFileType = sourcecode.c.h; name = UserModel.h; path = Models/UserModel.h; sourceTree = "<group>"; };
		D8A0EFE21C4C30E40006B910 /* UserModel.m */ = {isa = PBXFileReference; fileEncoding = 4; lastKnownFileType = sourcecode.c.objc; name = UserModel.m; path = Models/UserModel.m; sourceTree = "<group>"; };
		D8A0EFE41C4C32290006B910 /* BaseModel.h */ = {isa = PBXFileReference; fileEncoding = 4; lastKnownFileType = sourcecode.c.h; name = BaseModel.h; path = Models/BaseModel.h; sourceTree = "<group>"; };
		D8A0EFE51C4C32290006B910 /* BaseModel.m */ = {isa = PBXFileReference; fileEncoding = 4; lastKnownFileType = sourcecode.c.objc; name = BaseModel.m; path = Models/BaseModel.m; sourceTree = "<group>"; };
		D8A0EFE91C4C707B0006B910 /* LiveRosaryAuthenticatedIdentityProvider.h */ = {isa = PBXFileReference; fileEncoding = 4; lastKnownFileType = sourcecode.c.h; name = LiveRosaryAuthenticatedIdentityProvider.h; path = Authentication/LiveRosaryAuthenticatedIdentityProvider.h; sourceTree = "<group>"; };
		D8A0EFEA1C4C707B0006B910 /* LiveRosaryAuthenticatedIdentityProvider.m */ = {isa = PBXFileReference; fileEncoding = 4; lastKnownFileType = sourcecode.c.objc; name = LiveRosaryAuthenticatedIdentityProvider.m; path = Authentication/LiveRosaryAuthenticatedIdentityProvider.m; sourceTree = "<group>"; };
		D8A0EFEC1C4C70ED0006B910 /* LiveRosaryAuthenticationClient.h */ = {isa = PBXFileReference; fileEncoding = 4; lastKnownFileType = sourcecode.c.h; name = LiveRosaryAuthenticationClient.h; path = Authentication/LiveRosaryAuthenticationClient.h; sourceTree = "<group>"; };
		D8A0EFED1C4C70ED0006B910 /* LiveRosaryAuthenticationClient.m */ = {isa = PBXFileReference; fileEncoding = 4; lastKnownFileType = sourcecode.c.objc; name = LiveRosaryAuthenticationClient.m; path = Authentication/LiveRosaryAuthenticationClient.m; sourceTree = "<group>"; };
		D8A0EFF71C4F2B1F0006B910 /* AudioManager.h */ = {isa = PBXFileReference; fileEncoding = 4; lastKnownFileType = sourcecode.c.h; name = AudioManager.h; path = Managers/AudioManager.h; sourceTree = "<group>"; };
		D8A0EFF81C4F2B1F0006B910 /* AudioManager.m */ = {isa = PBXFileReference; fileEncoding = 4; lastKnownFileType = sourcecode.c.objc; name = AudioManager.m; path = Managers/AudioManager.m; sourceTree = "<group>"; };
		D8A1B9021C75628300CEE8D0 /* BroadcastsView.h */ = {isa = PBXFileReference; fileEncoding = 4; lastKnownFileType = sourcecode.c.h; name = BroadcastsView.h; path = Views/BroadcastsView.h; sourceTree = "<group>"; };
		D8A1B9031C75628300CEE8D0 /* BroadcastsView.m */ = {isa = PBXFileReference; fileEncoding = 4; lastKnownFileType = sourcecode.c.objc; name = BroadcastsView.m; path = Views/BroadcastsView.m; sourceTree = "<group>"; };
		D8A1B9071C7568FF00CEE8D0 /* BroadcastCell.xib */ = {isa = PBXFileReference; fileEncoding = 4; lastKnownFileType = file.xib; name = BroadcastCell.xib; path = Cells/BroadcastCell.xib; sourceTree = "<group>"; };
		D8A1B9091C75779F00CEE8D0 /* LRAdminMainViewController.h */ = {isa = PBXFileReference; fileEncoding = 4; lastKnownFileType = sourcecode.c.h; name = LRAdminMainViewController.h; path = ViewControllers/LRAdminMainViewController.h; sourceTree = "<group>"; };
		D8A1B90A1C75779F00CEE8D0 /* LRAdminMainViewController.m */ = {isa = PBXFileReference; fileEncoding = 4; lastKnownFileType = sourcecode.c.objc; name = LRAdminMainViewController.m; path = ViewControllers/LRAdminMainViewController.m; sourceTree = "<group>"; };
		D8B72E601C9A394C0081723F /* libTestFairy.a */ = {isa = PBXFileReference; lastKnownFileType = archive.ar; path = libTestFairy.a; sourceTree = "<group>"; };
		D8B72E611C9A394C0081723F /* TestFairy.h */ = {isa = PBXFileReference; fileEncoding = 4; lastKnownFileType = sourcecode.c.h; path = TestFairy.h; sourceTree = "<group>"; };
		D8B72E631C9A39950081723F /* CoreMedia.framework */ = {isa = PBXFileReference; lastKnownFileType = wrapper.framework; name = CoreMedia.framework; path = System/Library/Frameworks/CoreMedia.framework; sourceTree = SDKROOT; };
		D8B72E651C9A399C0081723F /* CoreMotion.framework */ = {isa = PBXFileReference; lastKnownFileType = wrapper.framework; name = CoreMotion.framework; path = System/Library/Frameworks/CoreMotion.framework; sourceTree = SDKROOT; };
		D8B72E671C9A39A70081723F /* AVFoundation.framework */ = {isa = PBXFileReference; lastKnownFileType = wrapper.framework; name = AVFoundation.framework; path = System/Library/Frameworks/AVFoundation.framework; sourceTree = SDKROOT; };
		D8B72E691C9A39B20081723F /* SystemConfiguration.framework */ = {isa = PBXFileReference; lastKnownFileType = wrapper.framework; name = SystemConfiguration.framework; path = System/Library/Frameworks/SystemConfiguration.framework; sourceTree = SDKROOT; };
		D8B72E6B1C9A39BB0081723F /* OpenGLES.framework */ = {isa = PBXFileReference; lastKnownFileType = wrapper.framework; name = OpenGLES.framework; path = System/Library/Frameworks/OpenGLES.framework; sourceTree = SDKROOT; };
		D8C23FD41C51D3D10043F8BE /* TransferManager.h */ = {isa = PBXFileReference; fileEncoding = 4; lastKnownFileType = sourcecode.c.h; name = TransferManager.h; path = Managers/TransferManager.h; sourceTree = "<group>"; };
		D8C23FD51C51D3D10043F8BE /* TransferManager.m */ = {isa = PBXFileReference; fileEncoding = 4; lastKnownFileType = sourcecode.c.objc; name = TransferManager.m; path = Managers/TransferManager.m; sourceTree = "<group>"; };
		D8C23FD91C51E23D0043F8BE /* NSString+Utilities.h */ = {isa = PBXFileReference; fileEncoding = 4; lastKnownFileType = sourcecode.c.h; name = "NSString+Utilities.h"; path = "Categories/NSString+Utilities.h"; sourceTree = "<group>"; };
		D8C23FDA1C51E23D0043F8BE /* NSString+Utilities.m */ = {isa = PBXFileReference; fileEncoding = 4; lastKnownFileType = sourcecode.c.objc; name = "NSString+Utilities.m"; path = "Categories/NSString+Utilities.m"; sourceTree = "<group>"; };
		D8EAFEBC1C5D0EB300C38EBA /* BroadcastCell.h */ = {isa = PBXFileReference; fileEncoding = 4; lastKnownFileType = sourcecode.c.h; name = BroadcastCell.h; path = Cells/BroadcastCell.h; sourceTree = "<group>"; };
		D8EAFEBD1C5D0EB300C38EBA /* BroadcastCell.m */ = {isa = PBXFileReference; fileEncoding = 4; lastKnownFileType = sourcecode.c.objc; name = BroadcastCell.m; path = Cells/BroadcastCell.m; sourceTree = "<group>"; };
		D8EAFEBF1C5D29E100C38EBA /* LRListenViewController.h */ = {isa = PBXFileReference; fileEncoding = 4; lastKnownFileType = sourcecode.c.h; name = LRListenViewController.h; path = ViewControllers/LRListenViewController.h; sourceTree = "<group>"; };
		D8EAFEC01C5D29E100C38EBA /* LRListenViewController.m */ = {isa = PBXFileReference; fileEncoding = 4; lastKnownFileType = sourcecode.c.objc; name = LRListenViewController.m; path = ViewControllers/LRListenViewController.m; sourceTree = "<group>"; };
		F67958F927E045E478D94BB5 /* libPods.a */ = {isa = PBXFileReference; explicitFileType = archive.ar; includeInIndex = 0; path = libPods.a; sourceTree = BUILT_PRODUCTS_DIR; };
/* End PBXFileReference section */

/* Begin PBXFrameworksBuildPhase section */
		D820FAFE1C4452A9000899DB /* Frameworks */ = {
			isa = PBXFrameworksBuildPhase;
			buildActionMask = 2147483647;
			files = (
				D8B72E6C1C9A39BB0081723F /* OpenGLES.framework in Frameworks */,
				D8B72E6A1C9A39B20081723F /* SystemConfiguration.framework in Frameworks */,
				D8B72E681C9A39A70081723F /* AVFoundation.framework in Frameworks */,
				D8B72E661C9A399C0081723F /* CoreMotion.framework in Frameworks */,
				D8B72E641C9A39950081723F /* CoreMedia.framework in Frameworks */,
				E9E80094D216F82DAF5B13F5 /* libPods.a in Frameworks */,
				D8B72E621C9A394C0081723F /* libTestFairy.a in Frameworks */,
			);
			runOnlyForDeploymentPostprocessing = 0;
		};
/* End PBXFrameworksBuildPhase section */

/* Begin PBXGroup section */
		0989DF6E0E971F9A7E095333 /* Pods */ = {
			isa = PBXGroup;
			children = (
				BD4753DF687E71C09BECA0B1 /* Pods.debug.xcconfig */,
				0A322FD56E2A135557AC420B /* Pods.release.xcconfig */,
			);
			name = Pods;
			sourceTree = "<group>";
		};
		C0FFDF672BBC5D1F37B6621D /* Frameworks */ = {
			isa = PBXGroup;
			children = (
				D8B72E6B1C9A39BB0081723F /* OpenGLES.framework */,
				D8B72E691C9A39B20081723F /* SystemConfiguration.framework */,
				D8B72E671C9A39A70081723F /* AVFoundation.framework */,
				D8B72E651C9A399C0081723F /* CoreMotion.framework */,
				D8B72E631C9A39950081723F /* CoreMedia.framework */,
				F67958F927E045E478D94BB5 /* libPods.a */,
			);
			name = Frameworks;
			sourceTree = "<group>";
		};
		D820FAF81C4452A9000899DB = {
			isa = PBXGroup;
			children = (
				D8B72E5F1C9A394C0081723F /* TestFairy */,
				D820FB031C4452A9000899DB /* LiveRosary */,
				D820FB021C4452A9000899DB /* Products */,
				0989DF6E0E971F9A7E095333 /* Pods */,
				C0FFDF672BBC5D1F37B6621D /* Frameworks */,
			);
			sourceTree = "<group>";
		};
		D820FB021C4452A9000899DB /* Products */ = {
			isa = PBXGroup;
			children = (
				D820FB011C4452A9000899DB /* LiveRosary.app */,
			);
			name = Products;
			sourceTree = "<group>";
		};
		D820FB031C4452A9000899DB /* LiveRosary */ = {
			isa = PBXGroup;
			children = (
				D86372771C5AFEA800D02DC3 /* Database */,
				D8C23FD81C51E1EC0043F8BE /* Categories */,
				D8A0EFE81C4C704B0006B910 /* Authentication */,
				D8A0EFE01C4C30C90006B910 /* Models */,
				D8A0EFDC1C4C2EED0006B910 /* Managers */,
				D8A0EFD21C4C12F20006B910 /* Cells */,
				D8431A211C75268A0061A3CB /* Views */,
				D885FA641C446EBF002904AC /* View Controllers */,
				D820FB071C4452A9000899DB /* AppDelegate.h */,
				D820FB081C4452A9000899DB /* AppDelegate.m */,
				D820FB0D1C4452A9000899DB /* Main.storyboard */,
				D820FB101C4452A9000899DB /* Assets.xcassets */,
				D820FB121C4452A9000899DB /* LaunchScreen.storyboard */,
				D820FB151C4452A9000899DB /* Info.plist */,
				D820FB041C4452A9000899DB /* Supporting Files */,
			);
			path = LiveRosary;
			sourceTree = "<group>";
		};
		D820FB041C4452A9000899DB /* Supporting Files */ = {
			isa = PBXGroup;
			children = (
				D820FB051C4452A9000899DB /* main.m */,
				D83F6A941C46D2A2005F07E0 /* PrefixHeader.pch */,
			);
			name = "Supporting Files";
			sourceTree = "<group>";
		};
		D8431A211C75268A0061A3CB /* Views */ = {
			isa = PBXGroup;
			children = (
				D8431A221C75269B0061A3CB /* F3BarGauge.h */,
				D8431A231C75269B0061A3CB /* F3BarGauge.m */,
				D8A1B9021C75628300CEE8D0 /* BroadcastsView.h */,
				D8A1B9031C75628300CEE8D0 /* BroadcastsView.m */,
				D8A027471C8B4DE700715277 /* BroadcastsView.xib */,
			);
			name = Views;
			sourceTree = "<group>";
		};
		D86372771C5AFEA800D02DC3 /* Database */ = {
			isa = PBXGroup;
			children = (
				D86372781C5AFEC400D02DC3 /* DBBase.h */,
				D86372791C5AFEC400D02DC3 /* DBBase.m */,
				D863727B1C5AFED900D02DC3 /* DBBroadcast.h */,
				D863727C1C5AFED900D02DC3 /* DBBroadcast.m */,
			);
			name = Database;
			sourceTree = "<group>";
		};
		D863727E1C5B1E6C00D02DC3 /* Authentication */ = {
			isa = PBXGroup;
			children = (
				D8427CE81C5F1FAC00A8CE5F /* LRCreateUserViewController.h */,
				D8427CE91C5F1FAC00A8CE5F /* LRCreateUserViewController.m */,
				D8427CEB1C5F20E500A8CE5F /* LRLoginViewController.h */,
				D8427CEC1C5F20E500A8CE5F /* LRLoginViewController.m */,
				D8427CEE1C5F21C500A8CE5F /* LRForgotPasswordViewController.h */,
				D8427CEF1C5F21C500A8CE5F /* LRForgotPasswordViewController.m */,
			);
			name = Authentication;
			sourceTree = "<group>";
		};
		D885FA641C446EBF002904AC /* View Controllers */ = {
			isa = PBXGroup;
			children = (
				D863727E1C5B1E6C00D02DC3 /* Authentication */,
				D885FA651C446F49002904AC /* LRDrawerViewController.h */,
				D885FA661C446F49002904AC /* LRDrawerViewController.m */,
				D81AAF7A1C45E29C00B46544 /* LRBaseViewController.h */,
				D81AAF7B1C45E29C00B46544 /* LRBaseViewController.m */,
				D885FA681C446FA2002904AC /* LRListenMainViewController.h */,
				D885FA691C446FA2002904AC /* LRListenMainViewController.m */,
				D8EAFEBF1C5D29E100C38EBA /* LRListenViewController.h */,
				D8EAFEC01C5D29E100C38EBA /* LRListenViewController.m */,
				D83F6A951C47054C005F07E0 /* LRBroadcastMainViewController.h */,
				D83F6A961C47054C005F07E0 /* LRBroadcastMainViewController.m */,
				D8A1B9091C75779F00CEE8D0 /* LRAdminMainViewController.h */,
				D8A1B90A1C75779F00CEE8D0 /* LRAdminMainViewController.m */,
				D8A0EFD91C4C220A0006B910 /* LRAdminBroadcastsViewController.h */,
				D8A0EFDA1C4C220A0006B910 /* LRAdminBroadcastsViewController.m */,
				D8A0EFD61C4C21E80006B910 /* LRUserProfileMainViewController.h */,
				D8A0EFD71C4C21E80006B910 /* LRUserProfileMainViewController.m */,
				D84A21121C8E6CB8006C4D63 /* LREditUserViewController.h */,
				D84A21131C8E6CB8006C4D63 /* LREditUserViewController.m */,
				D84A21151C8E6CD0006C4D63 /* LRChangePasswordViewController.h */,
				D84A21161C8E6CD0006C4D63 /* LRChangePasswordViewController.m */,
				D8A027491C8B527600715277 /* BroadcastsViewController.h */,
				D8A0274A1C8B527600715277 /* BroadcastsViewController.m */,
			);
			name = "View Controllers";
			sourceTree = "<group>";
		};
		D8A0EFD21C4C12F20006B910 /* Cells */ = {
			isa = PBXGroup;
			children = (
				D8A0EFD31C4C130C0006B910 /* DrawerCell.h */,
				D8A0EFD41C4C130C0006B910 /* DrawerCell.m */,
				D8EAFEBC1C5D0EB300C38EBA /* BroadcastCell.h */,
				D8EAFEBD1C5D0EB300C38EBA /* BroadcastCell.m */,
				D8A1B9071C7568FF00CEE8D0 /* BroadcastCell.xib */,
			);
			name = Cells;
			sourceTree = "<group>";
		};
		D8A0EFDC1C4C2EED0006B910 /* Managers */ = {
			isa = PBXGroup;
			children = (
				D8A0EFDD1C4C2F1E0006B910 /* UserManager.h */,
				D8A0EFDE1C4C2F1E0006B910 /* UserManager.m */,
				D8A0EFF71C4F2B1F0006B910 /* AudioManager.h */,
				D8A0EFF81C4F2B1F0006B910 /* AudioManager.m */,
				D8C23FD41C51D3D10043F8BE /* TransferManager.h */,
				D8C23FD51C51D3D10043F8BE /* TransferManager.m */,
				D863726E1C5AD58A00D02DC3 /* BroadcastManager.h */,
				D863726F1C5AD58A00D02DC3 /* BroadcastManager.m */,
			);
			name = Managers;
			sourceTree = "<group>";
		};
		D8A0EFE01C4C30C90006B910 /* Models */ = {
			isa = PBXGroup;
			children = (
				D8A0EFE41C4C32290006B910 /* BaseModel.h */,
				D8A0EFE51C4C32290006B910 /* BaseModel.m */,
				D8A0EFE11C4C30E40006B910 /* UserModel.h */,
				D8A0EFE21C4C30E40006B910 /* UserModel.m */,
				D86372711C5ADEF900D02DC3 /* BroadcastModel.h */,
				D86372721C5ADEF900D02DC3 /* BroadcastModel.m */,
				D8427CF21C601BDA00A8CE5F /* ConfigModel.h */,
				D8427CF31C601BDA00A8CE5F /* ConfigModel.m */,
			);
			name = Models;
			sourceTree = "<group>";
		};
		D8A0EFE81C4C704B0006B910 /* Authentication */ = {
			isa = PBXGroup;
			children = (
				D8A0EFE91C4C707B0006B910 /* LiveRosaryAuthenticatedIdentityProvider.h */,
				D8A0EFEA1C4C707B0006B910 /* LiveRosaryAuthenticatedIdentityProvider.m */,
				D8A0EFEC1C4C70ED0006B910 /* LiveRosaryAuthenticationClient.h */,
				D8A0EFED1C4C70ED0006B910 /* LiveRosaryAuthenticationClient.m */,
			);
			name = Authentication;
			sourceTree = "<group>";
		};
		D8B72E5F1C9A394C0081723F /* TestFairy */ = {
			isa = PBXGroup;
			children = (
				D8B72E601C9A394C0081723F /* libTestFairy.a */,
				D8B72E611C9A394C0081723F /* TestFairy.h */,
			);
			path = TestFairy;
			sourceTree = "<group>";
		};
		D8C23FD81C51E1EC0043F8BE /* Categories */ = {
			isa = PBXGroup;
			children = (
				D8C23FD91C51E23D0043F8BE /* NSString+Utilities.h */,
				D8C23FDA1C51E23D0043F8BE /* NSString+Utilities.m */,
				D863727F1C5B1FFB00D02DC3 /* NSNumber+Utilities.h */,
				D86372801C5B1FFB00D02DC3 /* NSNumber+Utilities.m */,
			);
			name = Categories;
			sourceTree = "<group>";
		};
/* End PBXGroup section */

/* Begin PBXNativeTarget section */
		D820FB001C4452A9000899DB /* LiveRosary */ = {
			isa = PBXNativeTarget;
			buildConfigurationList = D820FB181C4452A9000899DB /* Build configuration list for PBXNativeTarget "LiveRosary" */;
			buildPhases = (
				B8D7C6FB2BF189CA45531CA6 /* Check Pods Manifest.lock */,
				D820FAFD1C4452A9000899DB /* Sources */,
				D820FAFE1C4452A9000899DB /* Frameworks */,
				D820FAFF1C4452A9000899DB /* Resources */,
				5583768B7613A20DFA84C945 /* Embed Pods Frameworks */,
				E0546EFE872743107E59A401 /* Copy Pods Resources */,
			);
			buildRules = (
			);
			dependencies = (
			);
			name = LiveRosary;
			productName = LiveRosary;
			productReference = D820FB011C4452A9000899DB /* LiveRosary.app */;
			productType = "com.apple.product-type.application";
		};
/* End PBXNativeTarget section */

/* Begin PBXProject section */
		D820FAF91C4452A9000899DB /* Project object */ = {
			isa = PBXProject;
			attributes = {
				LastUpgradeCheck = 0720;
				ORGANIZATIONNAME = PocketCake;
				TargetAttributes = {
					D820FB001C4452A9000899DB = {
						CreatedOnToolsVersion = 7.2;
						DevelopmentTeam = Z6Y7DNVNXR;
					};
				};
			};
			buildConfigurationList = D820FAFC1C4452A9000899DB /* Build configuration list for PBXProject "LiveRosary" */;
			compatibilityVersion = "Xcode 6.3";
			developmentRegion = English;
			hasScannedForEncodings = 0;
			knownRegions = (
				en,
				Base,
			);
			mainGroup = D820FAF81C4452A9000899DB;
			productRefGroup = D820FB021C4452A9000899DB /* Products */;
			projectDirPath = "";
			projectRoot = "";
			targets = (
				D820FB001C4452A9000899DB /* LiveRosary */,
			);
		};
/* End PBXProject section */

/* Begin PBXResourcesBuildPhase section */
		D820FAFF1C4452A9000899DB /* Resources */ = {
			isa = PBXResourcesBuildPhase;
			buildActionMask = 2147483647;
			files = (
				D820FB141C4452A9000899DB /* LaunchScreen.storyboard in Resources */,
				D8A1B9081C7568FF00CEE8D0 /* BroadcastCell.xib in Resources */,
				D8A027481C8B4DE700715277 /* BroadcastsView.xib in Resources */,
				D820FB111C4452A9000899DB /* Assets.xcassets in Resources */,
				D820FB0F1C4452A9000899DB /* Main.storyboard in Resources */,
			);
			runOnlyForDeploymentPostprocessing = 0;
		};
/* End PBXResourcesBuildPhase section */

/* Begin PBXShellScriptBuildPhase section */
		5583768B7613A20DFA84C945 /* Embed Pods Frameworks */ = {
			isa = PBXShellScriptBuildPhase;
			buildActionMask = 2147483647;
			files = (
			);
			inputPaths = (
			);
			name = "Embed Pods Frameworks";
			outputPaths = (
			);
			runOnlyForDeploymentPostprocessing = 0;
			shellPath = /bin/sh;
			shellScript = "\"${SRCROOT}/Pods/Target Support Files/Pods/Pods-frameworks.sh\"\n";
			showEnvVarsInLog = 0;
		};
		B8D7C6FB2BF189CA45531CA6 /* Check Pods Manifest.lock */ = {
			isa = PBXShellScriptBuildPhase;
			buildActionMask = 2147483647;
			files = (
			);
			inputPaths = (
			);
			name = "Check Pods Manifest.lock";
			outputPaths = (
			);
			runOnlyForDeploymentPostprocessing = 0;
			shellPath = /bin/sh;
			shellScript = "diff \"${PODS_ROOT}/../Podfile.lock\" \"${PODS_ROOT}/Manifest.lock\" > /dev/null\nif [[ $? != 0 ]] ; then\n    cat << EOM\nerror: The sandbox is not in sync with the Podfile.lock. Run 'pod install' or update your CocoaPods installation.\nEOM\n    exit 1\nfi\n";
			showEnvVarsInLog = 0;
		};
		E0546EFE872743107E59A401 /* Copy Pods Resources */ = {
			isa = PBXShellScriptBuildPhase;
			buildActionMask = 2147483647;
			files = (
			);
			inputPaths = (
			);
			name = "Copy Pods Resources";
			outputPaths = (
			);
			runOnlyForDeploymentPostprocessing = 0;
			shellPath = /bin/sh;
			shellScript = "\"${SRCROOT}/Pods/Target Support Files/Pods/Pods-resources.sh\"\n";
			showEnvVarsInLog = 0;
		};
/* End PBXShellScriptBuildPhase section */

/* Begin PBXSourcesBuildPhase section */
		D820FAFD1C4452A9000899DB /* Sources */ = {
			isa = PBXSourcesBuildPhase;
			buildActionMask = 2147483647;
			files = (
				D8427CF01C5F21C500A8CE5F /* LRForgotPasswordViewController.m in Sources */,
				D8A0EFD81C4C21E80006B910 /* LRUserProfileMainViewController.m in Sources */,
				D863727A1C5AFEC400D02DC3 /* DBBase.m in Sources */,
				D8A1B9041C75628300CEE8D0 /* BroadcastsView.m in Sources */,
				D81AAF7C1C45E29C00B46544 /* LRBaseViewController.m in Sources */,
				D8A0EFDF1C4C2F1E0006B910 /* UserManager.m in Sources */,
				D8A0EFF91C4F2B1F0006B910 /* AudioManager.m in Sources */,
				D8431A241C75269B0061A3CB /* F3BarGauge.m in Sources */,
				D8A0EFE31C4C30E40006B910 /* UserModel.m in Sources */,
				D885FA671C446F49002904AC /* LRDrawerViewController.m in Sources */,
				D8A0EFDB1C4C220A0006B910 /* LRAdminBroadcastsViewController.m in Sources */,
				D8A1B90B1C75779F00CEE8D0 /* LRAdminMainViewController.m in Sources */,
				D8A0EFEE1C4C70ED0006B910 /* LiveRosaryAuthenticationClient.m in Sources */,
				D8A0EFE61C4C32290006B910 /* BaseModel.m in Sources */,
				D8427CF41C601BDA00A8CE5F /* ConfigModel.m in Sources */,
				D820FB091C4452A9000899DB /* AppDelegate.m in Sources */,
				D84A21171C8E6CD0006C4D63 /* LRChangePasswordViewController.m in Sources */,
				D863727D1C5AFED900D02DC3 /* DBBroadcast.m in Sources */,
				D86372731C5ADEF900D02DC3 /* BroadcastModel.m in Sources */,
				D8427CEA1C5F1FAC00A8CE5F /* LRCreateUserViewController.m in Sources */,
				D885FA6A1C446FA2002904AC /* LRListenMainViewController.m in Sources */,
				D8A0EFEB1C4C707B0006B910 /* LiveRosaryAuthenticatedIdentityProvider.m in Sources */,
				D86372811C5B1FFB00D02DC3 /* NSNumber+Utilities.m in Sources */,
				D8EAFEC11C5D29E100C38EBA /* LRListenViewController.m in Sources */,
				D84A21141C8E6CB8006C4D63 /* LREditUserViewController.m in Sources */,
				D8C23FDB1C51E23D0043F8BE /* NSString+Utilities.m in Sources */,
				D8C23FD61C51D3D10043F8BE /* TransferManager.m in Sources */,
				D8A0EFD51C4C130C0006B910 /* DrawerCell.m in Sources */,
				D8A0274B1C8B527600715277 /* BroadcastsViewController.m in Sources */,
				D86372701C5AD58A00D02DC3 /* BroadcastManager.m in Sources */,
				D8EAFEBE1C5D0EB300C38EBA /* BroadcastCell.m in Sources */,
				D8427CED1C5F20E500A8CE5F /* LRLoginViewController.m in Sources */,
				D820FB061C4452A9000899DB /* main.m in Sources */,
				D83F6A971C47054C005F07E0 /* LRBroadcastMainViewController.m in Sources */,
			);
			runOnlyForDeploymentPostprocessing = 0;
		};
/* End PBXSourcesBuildPhase section */

/* Begin PBXVariantGroup section */
		D820FB0D1C4452A9000899DB /* Main.storyboard */ = {
			isa = PBXVariantGroup;
			children = (
				D820FB0E1C4452A9000899DB /* Base */,
			);
			name = Main.storyboard;
			sourceTree = "<group>";
		};
		D820FB121C4452A9000899DB /* LaunchScreen.storyboard */ = {
			isa = PBXVariantGroup;
			children = (
				D820FB131C4452A9000899DB /* Base */,
			);
			name = LaunchScreen.storyboard;
			sourceTree = "<group>";
		};
/* End PBXVariantGroup section */

/* Begin XCBuildConfiguration section */
		D820FB161C4452A9000899DB /* Debug */ = {
			isa = XCBuildConfiguration;
			buildSettings = {
				ALWAYS_SEARCH_USER_PATHS = NO;
				CLANG_CXX_LANGUAGE_STANDARD = "gnu++0x";
				CLANG_CXX_LIBRARY = "libc++";
				CLANG_ENABLE_MODULES = YES;
				CLANG_ENABLE_OBJC_ARC = YES;
				CLANG_WARN_BOOL_CONVERSION = YES;
				CLANG_WARN_CONSTANT_CONVERSION = YES;
				CLANG_WARN_DIRECT_OBJC_ISA_USAGE = YES_ERROR;
				CLANG_WARN_EMPTY_BODY = YES;
				CLANG_WARN_ENUM_CONVERSION = YES;
				CLANG_WARN_INT_CONVERSION = YES;
				CLANG_WARN_OBJC_ROOT_CLASS = YES_ERROR;
				CLANG_WARN_UNREACHABLE_CODE = YES;
				CLANG_WARN__DUPLICATE_METHOD_MATCH = YES;
				"CODE_SIGN_IDENTITY[sdk=iphoneos*]" = "iPhone Developer";
				COPY_PHASE_STRIP = NO;
				DEBUG_INFORMATION_FORMAT = dwarf;
				ENABLE_STRICT_OBJC_MSGSEND = YES;
				ENABLE_TESTABILITY = YES;
				GCC_C_LANGUAGE_STANDARD = gnu99;
				GCC_DYNAMIC_NO_PIC = NO;
				GCC_NO_COMMON_BLOCKS = YES;
				GCC_OPTIMIZATION_LEVEL = 0;
				GCC_PREPROCESSOR_DEFINITIONS = (
					"DEBUG=1",
					"$(inherited)",
				);
				GCC_WARN_64_TO_32_BIT_CONVERSION = YES;
				GCC_WARN_ABOUT_RETURN_TYPE = YES_ERROR;
				GCC_WARN_UNDECLARED_SELECTOR = YES;
				GCC_WARN_UNINITIALIZED_AUTOS = YES_AGGRESSIVE;
				GCC_WARN_UNUSED_FUNCTION = YES;
				GCC_WARN_UNUSED_VARIABLE = YES;
				IPHONEOS_DEPLOYMENT_TARGET = 9.2;
				MTL_ENABLE_DEBUG_INFO = YES;
				ONLY_ACTIVE_ARCH = YES;
				SDKROOT = iphoneos;
				TARGETED_DEVICE_FAMILY = "1,2";
			};
			name = Debug;
		};
		D820FB171C4452A9000899DB /* Release */ = {
			isa = XCBuildConfiguration;
			buildSettings = {
				ALWAYS_SEARCH_USER_PATHS = NO;
				CLANG_CXX_LANGUAGE_STANDARD = "gnu++0x";
				CLANG_CXX_LIBRARY = "libc++";
				CLANG_ENABLE_MODULES = YES;
				CLANG_ENABLE_OBJC_ARC = YES;
				CLANG_WARN_BOOL_CONVERSION = YES;
				CLANG_WARN_CONSTANT_CONVERSION = YES;
				CLANG_WARN_DIRECT_OBJC_ISA_USAGE = YES_ERROR;
				CLANG_WARN_EMPTY_BODY = YES;
				CLANG_WARN_ENUM_CONVERSION = YES;
				CLANG_WARN_INT_CONVERSION = YES;
				CLANG_WARN_OBJC_ROOT_CLASS = YES_ERROR;
				CLANG_WARN_UNREACHABLE_CODE = YES;
				CLANG_WARN__DUPLICATE_METHOD_MATCH = YES;
				"CODE_SIGN_IDENTITY[sdk=iphoneos*]" = "iPhone Developer";
				COPY_PHASE_STRIP = NO;
				DEBUG_INFORMATION_FORMAT = "dwarf-with-dsym";
				ENABLE_NS_ASSERTIONS = NO;
				ENABLE_STRICT_OBJC_MSGSEND = YES;
				GCC_C_LANGUAGE_STANDARD = gnu99;
				GCC_NO_COMMON_BLOCKS = YES;
				GCC_WARN_64_TO_32_BIT_CONVERSION = YES;
				GCC_WARN_ABOUT_RETURN_TYPE = YES_ERROR;
				GCC_WARN_UNDECLARED_SELECTOR = YES;
				GCC_WARN_UNINITIALIZED_AUTOS = YES_AGGRESSIVE;
				GCC_WARN_UNUSED_FUNCTION = YES;
				GCC_WARN_UNUSED_VARIABLE = YES;
				IPHONEOS_DEPLOYMENT_TARGET = 9.2;
				MTL_ENABLE_DEBUG_INFO = NO;
				SDKROOT = iphoneos;
				TARGETED_DEVICE_FAMILY = "1,2";
				VALIDATE_PRODUCT = YES;
			};
			name = Release;
		};
		D820FB191C4452A9000899DB /* Debug */ = {
			isa = XCBuildConfiguration;
			baseConfigurationReference = BD4753DF687E71C09BECA0B1 /* Pods.debug.xcconfig */;
			buildSettings = {
				ASSETCATALOG_COMPILER_APPICON_NAME = AppIcon;
				CODE_SIGN_IDENTITY = "iPhone Developer: Richard Taylor (XC635XK3A6)";
				"CODE_SIGN_IDENTITY[sdk=iphoneos*]" = "iPhone Developer: Richard Taylor (XC635XK3A6)";
				GCC_PRECOMPILE_PREFIX_HEADER = YES;
				GCC_PREFIX_HEADER = "$(SRCROOT)/$(PRODUCT_NAME)/PrefixHeader.pch";
				INFOPLIST_FILE = LiveRosary/Info.plist;
				IPHONEOS_DEPLOYMENT_TARGET = 8.0;
				LD_RUNPATH_SEARCH_PATHS = "$(inherited) @executable_path/Frameworks";
				LIBRARY_SEARCH_PATHS = (
					"$(inherited)",
					"$(PROJECT_DIR)/TestFairy",
				);
				PRODUCT_BUNDLE_IDENTIFIER = com.pocketcake.LiveRosary;
				PRODUCT_NAME = "$(TARGET_NAME)";
				PROVISIONING_PROFILE = "6af44090-549d-44dd-a072-e37467df06d9";
			};
			name = Debug;
		};
		D820FB1A1C4452A9000899DB /* Release */ = {
			isa = XCBuildConfiguration;
			baseConfigurationReference = 0A322FD56E2A135557AC420B /* Pods.release.xcconfig */;
			buildSettings = {
				ASSETCATALOG_COMPILER_APPICON_NAME = AppIcon;
				CODE_SIGN_IDENTITY = "iPhone Developer: Richard Taylor (XC635XK3A6)";
				"CODE_SIGN_IDENTITY[sdk=iphoneos*]" = "iPhone Developer: Richard Taylor (XC635XK3A6)";
				GCC_PRECOMPILE_PREFIX_HEADER = YES;
				GCC_PREFIX_HEADER = "$(SRCROOT)/$(PRODUCT_NAME)/PrefixHeader.pch";
				INFOPLIST_FILE = LiveRosary/Info.plist;
				IPHONEOS_DEPLOYMENT_TARGET = 8.0;
				LD_RUNPATH_SEARCH_PATHS = "$(inherited) @executable_path/Frameworks";
				LIBRARY_SEARCH_PATHS = (
					"$(inherited)",
					"$(PROJECT_DIR)/TestFairy",
				);
				PRODUCT_BUNDLE_IDENTIFIER = com.pocketcake.LiveRosary;
				PRODUCT_NAME = "$(TARGET_NAME)";
				PROVISIONING_PROFILE = "6af44090-549d-44dd-a072-e37467df06d9";
			};
			name = Release;
		};
/* End XCBuildConfiguration section */

/* Begin XCConfigurationList section */
		D820FAFC1C4452A9000899DB /* Build configuration list for PBXProject "LiveRosary" */ = {
			isa = XCConfigurationList;
			buildConfigurations = (
				D820FB161C4452A9000899DB /* Debug */,
				D820FB171C4452A9000899DB /* Release */,
			);
			defaultConfigurationIsVisible = 0;
			defaultConfigurationName = Release;
		};
		D820FB181C4452A9000899DB /* Build configuration list for PBXNativeTarget "LiveRosary" */ = {
			isa = XCConfigurationList;
			buildConfigurations = (
				D820FB191C4452A9000899DB /* Debug */,
				D820FB1A1C4452A9000899DB /* Release */,
			);
			defaultConfigurationIsVisible = 0;
			defaultConfigurationName = Release;
		};
/* End XCConfigurationList section */
	};
	rootObject = D820FAF91C4452A9000899DB /* Project object */;
}
